
Microsoft Visual Studio Solution File, Format Version 12.00
# Visual Studio 15
VisualStudioVersion = 15.0.28010.2026
MinimumVisualStudioVersion = 10.0.40219.1
Project("{FAE04EC0-301F-11D3-BF4B-00C04F79EFBC}") = "MPTDevOpsWeb", "MPTDevOpsWeb\MPTDevOpsWeb.csproj", "{B57F716E-8061-40FC-B128-97333201CD44}"
EndProject
Project("{FAE04EC0-301F-11D3-BF4B-00C04F79EFBC}") = "MPTDevOpsWeb.Tests", "MPTDevOpsWeb.Tests\MPTDevOpsWeb.Tests.csproj", "{452A1D6E-3870-4DE8-B7BC-32331BD24B23}"
EndProject
Project("{2150E333-8FDC-42A3-9474-1A3956D46DE8}") = "Solution Items", "Solution Items", "{18B17D95-07C2-4CD3-B597-630BB619A6A6}"
	ProjectSection(SolutionItems) = preProject
		MPTTestSettings1.testsettings = MPTTestSettings1.testsettings
	EndProjectSection
EndProject
Global
	GlobalSection(SolutionConfigurationPlatforms) = preSolution
		Debug|Any CPU = Debug|Any CPU
		Release|Any CPU = Release|Any CPU
	EndGlobalSection
	GlobalSection(ProjectConfigurationPlatforms) = postSolution
		{B57F716E-8061-40FC-B128-97333201CD44}.Debug|Any CPU.ActiveCfg = Debug|Any CPU
		{B57F716E-8061-40FC-B128-97333201CD44}.Debug|Any CPU.Build.0 = Debug|Any CPU
		{B57F716E-8061-40FC-B128-97333201CD44}.Release|Any CPU.ActiveCfg = Release|Any CPU
		{B57F716E-8061-40FC-B128-97333201CD44}.Release|Any CPU.Build.0 = Release|Any CPU
		{452A1D6E-3870-4DE8-B7BC-32331BD24B23}.Debug|Any CPU.ActiveCfg = Debug|Any CPU
		{452A1D6E-3870-4DE8-B7BC-32331BD24B23}.Debug|Any CPU.Build.0 = Debug|Any CPU
		{452A1D6E-3870-4DE8-B7BC-32331BD24B23}.Release|Any CPU.ActiveCfg = Release|Any CPU
		{452A1D6E-3870-4DE8-B7BC-32331BD24B23}.Release|Any CPU.Build.0 = Release|Any CPU
	EndGlobalSection
	GlobalSection(SolutionProperties) = preSolution
		HideSolutionNode = FALSE
	EndGlobalSection
	GlobalSection(ExtensibilityGlobals) = postSolution
		SolutionGuid = {2622BE08-E63A-4D55-8237-ABEDA809490E}
	EndGlobalSection
EndGlobal
